
Microsoft Visual Studio Solution File, Format Version 12.00
# Visual Studio Version 17
VisualStudioVersion = 17.6.33801.468
MinimumVisualStudioVersion = 10.0.40219.1
Project("{9A19103F-16F7-4668-BE54-9A1E7A4F7556}") = "CommandPatternExample1", "CommandPatternExample1\CommandPatternExample1.csproj", "{B7C727A7-1266-4CD8-AAEB-E6AB8D779AD1}"
EndProject
Project("{FAE04EC0-301F-11D3-BF4B-00C04F79EFBC}") = "CommandPatternExample2", "CommandPatternExample2\CommandPatternExample2.csproj", "{B3400BEB-BC96-412E-9F31-E5D5450733A5}"
EndProject
Global
	GlobalSection(SolutionConfigurationPlatforms) = preSolution
		Debug|Any CPU = Debug|Any CPU
		Release|Any CPU = Release|Any CPU
	EndGlobalSection
	GlobalSection(ProjectConfigurationPlatforms) = postSolution
		{B7C727A7-1266-4CD8-AAEB-E6AB8D779AD1}.Debug|Any CPU.ActiveCfg = Debug|Any CPU
		{B7C727A7-1266-4CD8-AAEB-E6AB8D779AD1}.Debug|Any CPU.Build.0 = Debug|Any CPU
		{B7C727A7-1266-4CD8-AAEB-E6AB8D779AD1}.Release|Any CPU.ActiveCfg = Release|Any CPU
		{B7C727A7-1266-4CD8-AAEB-E6AB8D779AD1}.Release|Any CPU.Build.0 = Release|Any CPU
		{B3400BEB-BC96-412E-9F31-E5D5450733A5}.Debug|Any CPU.ActiveCfg = Debug|Any CPU
		{B3400BEB-BC96-412E-9F31-E5D5450733A5}.Debug|Any CPU.Build.0 = Debug|Any CPU
		{B3400BEB-BC96-412E-9F31-E5D5450733A5}.Release|Any CPU.ActiveCfg = Release|Any CPU
		{B3400BEB-BC96-412E-9F31-E5D5450733A5}.Release|Any CPU.Build.0 = Release|Any CPU
	EndGlobalSection
	GlobalSection(SolutionProperties) = preSolution
		HideSolutionNode = FALSE
	EndGlobalSection
	GlobalSection(ExtensibilityGlobals) = postSolution
		SolutionGuid = {F0E51BD2-643A-4489-9BCF-4A06AD47E863}
	EndGlobalSection
EndGlobal
